{
  "name": "beepboopbop",
  "lockfileVersion": 2,
  "requires": true,
  "packages": {
    "": {
      "dependencies": {
        "@wealthica/wealthica.js": "^0.0.21"
      }
    },
    "node_modules/@wealthica/wealthica.js": {
      "version": "0.0.21",
      "resolved": "https://registry.npmjs.org/@wealthica/wealthica.js/-/wealthica.js-0.0.21.tgz",
      "integrity": "sha512-YCcl1yTwVRdD+AXZtgdAgt35GsjjU7Kt1XhkRWSlDlHYYOFkLUa72750SJcOOYte/YwV0ptUNDBgFQwelJ2+QQ==",
      "dependencies": {
        "es6-promise": "~4.2.8",
        "eventemitter3": "3.0.0",
        "iframe-resizer": "3.5.15",
        "js-channel": "1.0.1297",
        "lodash": "~4.17.13"
      }
    },
    "node_modules/es6-promise": {
      "version": "4.2.8",
      "resolved": "https://registry.npmjs.org/es6-promise/-/es6-promise-4.2.8.tgz",
      "integrity": "sha512-HJDGx5daxeIvxdBxvG2cb9g4tEvwIk3i8+nhX0yGrYmZUzbkdg8QbDevheDB8gd0//uPj4c1EQua8Q+MViT0/w=="
    },
    "node_modules/eventemitter3": {
      "version": "3.0.0",
      "resolved": "https://registry.npmjs.org/eventemitter3/-/eventemitter3-3.0.0.tgz",
      "integrity": "sha512-62TxCtz4m2LRaOERVEvLJJ4A6rsg8lC9Xm+FLg2y/1fB/v4ZZ9JCOn+/Ppl5KkH6sRih6bhix724PVanmXYZJQ=="
    },
    "node_modules/iframe-resizer": {
      "version": "3.5.15",
      "resolved": "https://registry.npmjs.org/iframe-resizer/-/iframe-resizer-3.5.15.tgz",
      "integrity": "sha512-ZdmPmqafz5Vy2ooUW38LTl6ACcArfK53FQPtR8gOwb74nXiMRkuOV4Vr4w1LHu/YDVlnB1D7qONVX6BUD5DbHA==",
      "engines": {
        "node": ">=0.8.0"
      }
    },
    "node_modules/js-channel": {
      "version": "1.0.1297",
      "resolved": "https://registry.npmjs.org/js-channel/-/js-channel-1.0.1297.tgz",
      "integrity": "sha512-VdaOmqSB/4N/Wrf0E9L30oFtc01sma/IIldG3CUowOMGCL35k4tDNVFitRMP5E7JRhWdxDghAeYSLHDoPUEU8w=="
    },
    "node_modules/lodash": {
      "version": "4.17.21",
      "resolved": "https://registry.npmjs.org/lodash/-/lodash-4.17.21.tgz",
      "integrity": "sha512-v2kDEe57lecTulaDIuNTPy3Ry4gLGJ6Z1O3vE1krgXZNrsQ+LFTGHVxVjcXPs17LhbZVGedAJv8XZ1tvj5FvSg=="
    }
  },
  "dependencies": {
    "@wealthica/wealthica.js": {
      "version": "0.0.21",
      "resolved": "https://registry.npmjs.org/@wealthica/wealthica.js/-/wealthica.js-0.0.21.tgz",
      "integrity": "sha512-YCcl1yTwVRdD+AXZtgdAgt35GsjjU7Kt1XhkRWSlDlHYYOFkLUa72750SJcOOYte/YwV0ptUNDBgFQwelJ2+QQ==",
      "requires": {
        "es6-promise": "~4.2.8",
        "eventemitter3": "3.0.0",
        "iframe-resizer": "3.5.15",
        "js-channel": "1.0.1297",
        "lodash": "~4.17.13"
      }
    },
    "es6-promise": {
      "version": "4.2.8",
      "resolved": "https://registry.npmjs.org/es6-promise/-/es6-promise-4.2.8.tgz",
      "integrity": "sha512-HJDGx5daxeIvxdBxvG2cb9g4tEvwIk3i8+nhX0yGrYmZUzbkdg8QbDevheDB8gd0//uPj4c1EQua8Q+MViT0/w=="
    },
    "eventemitter3": {
      "version": "3.0.0",
      "resolved": "https://registry.npmjs.org/eventemitter3/-/eventemitter3-3.0.0.tgz",
      "integrity": "sha512-62TxCtz4m2LRaOERVEvLJJ4A6rsg8lC9Xm+FLg2y/1fB/v4ZZ9JCOn+/Ppl5KkH6sRih6bhix724PVanmXYZJQ=="
    },
    "iframe-resizer": {
      "version": "3.5.15",
      "resolved": "https://registry.npmjs.org/iframe-resizer/-/iframe-resizer-3.5.15.tgz",
      "integrity": "sha512-ZdmPmqafz5Vy2ooUW38LTl6ACcArfK53FQPtR8gOwb74nXiMRkuOV4Vr4w1LHu/YDVlnB1D7qONVX6BUD5DbHA=="
    },
    "js-channel": {
      "version": "1.0.1297",
      "resolved": "https://registry.npmjs.org/js-channel/-/js-channel-1.0.1297.tgz",
      "integrity": "sha512-VdaOmqSB/4N/Wrf0E9L30oFtc01sma/IIldG3CUowOMGCL35k4tDNVFitRMP5E7JRhWdxDghAeYSLHDoPUEU8w=="
    },
    "lodash": {
      "version": "4.17.21",
      "resolved": "https://registry.npmjs.org/lodash/-/lodash-4.17.21.tgz",
      "integrity": "sha512-v2kDEe57lecTulaDIuNTPy3Ry4gLGJ6Z1O3vE1krgXZNrsQ+LFTGHVxVjcXPs17LhbZVGedAJv8XZ1tvj5FvSg=="
    }
  }
}
